
Microsoft Visual Studio Solution File, Format Version 12.00
# Visual Studio Version 16
VisualStudioVersion = 16.0.30413.136
MinimumVisualStudioVersion = 10.0.40219.1
Project("{FAE04EC0-301F-11D3-BF4B-00C04F79EFBC}") = "ProjetWPF", "ProjetWPF\ProjetWPF.csproj", "{ECBB1E34-0688-4DE2-B47E-4589E686422F}"
EndProject
Project("{FAE04EC0-301F-11D3-BF4B-00C04F79EFBC}") = "ProjetMetier", "ProjetMetier\ProjetMetier.csproj", "{2F4B83E0-3FB8-46C2-B2C7-C0D332D8DCD5}"
EndProject
Global
	GlobalSection(SolutionConfigurationPlatforms) = preSolution
		Debug|Any CPU = Debug|Any CPU
		Release|Any CPU = Release|Any CPU
	EndGlobalSection
	GlobalSection(ProjectConfigurationPlatforms) = postSolution
		{ECBB1E34-0688-4DE2-B47E-4589E686422F}.Debug|Any CPU.ActiveCfg = Debug|Any CPU
		{ECBB1E34-0688-4DE2-B47E-4589E686422F}.Debug|Any CPU.Build.0 = Debug|Any CPU
		{ECBB1E34-0688-4DE2-B47E-4589E686422F}.Release|Any CPU.ActiveCfg = Release|Any CPU
		{ECBB1E34-0688-4DE2-B47E-4589E686422F}.Release|Any CPU.Build.0 = Release|Any CPU
		{2F4B83E0-3FB8-46C2-B2C7-C0D332D8DCD5}.Debug|Any CPU.ActiveCfg = Debug|Any CPU
		{2F4B83E0-3FB8-46C2-B2C7-C0D332D8DCD5}.Debug|Any CPU.Build.0 = Debug|Any CPU
		{2F4B83E0-3FB8-46C2-B2C7-C0D332D8DCD5}.Release|Any CPU.ActiveCfg = Release|Any CPU
		{2F4B83E0-3FB8-46C2-B2C7-C0D332D8DCD5}.Release|Any CPU.Build.0 = Release|Any CPU
	EndGlobalSection
	GlobalSection(SolutionProperties) = preSolution
		HideSolutionNode = FALSE
	EndGlobalSection
	GlobalSection(ExtensibilityGlobals) = postSolution
		SolutionGuid = {09D85360-3978-40B4-8BF6-49D33D757455}
	EndGlobalSection
EndGlobal
